
Microsoft Visual Studio Solution File, Format Version 12.00
# Visual Studio Version 17
VisualStudioVersion = 17.11.35327.3
MinimumVisualStudioVersion = 10.0.40219.1
Project("{FAE04EC0-301F-11D3-BF4B-00C04F79EFBC}") = "WhiteLagoon.Web", "WhiteLagoon.Web\WhiteLagoon.Web.csproj", "{C5E1657E-1888-41C5-92DE-91D5A5D97ED2}"
EndProject
Global
	GlobalSection(SolutionConfigurationPlatforms) = preSolution
		Debug|Any CPU = Debug|Any CPU
		Release|Any CPU = Release|Any CPU
	EndGlobalSection
	GlobalSection(ProjectConfigurationPlatforms) = postSolution
		{C5E1657E-1888-41C5-92DE-91D5A5D97ED2}.Debug|Any CPU.ActiveCfg = Debug|Any CPU
		{C5E1657E-1888-41C5-92DE-91D5A5D97ED2}.Debug|Any CPU.Build.0 = Debug|Any CPU
		{C5E1657E-1888-41C5-92DE-91D5A5D97ED2}.Release|Any CPU.ActiveCfg = Release|Any CPU
		{C5E1657E-1888-41C5-92DE-91D5A5D97ED2}.Release|Any CPU.Build.0 = Release|Any CPU
	EndGlobalSection
	GlobalSection(SolutionProperties) = preSolution
		HideSolutionNode = FALSE
	EndGlobalSection
	GlobalSection(ExtensibilityGlobals) = postSolution
		SolutionGuid = {829FE221-7777-48F9-8F2C-1513E4D06802}
	EndGlobalSection
EndGlobal
